
Microsoft Visual Studio Solution File, Format Version 12.00
# Visual Studio 15
Project("{FAE04EC0-301F-11D3-BF4B-00C04F79EFBC}") = "Neuralchat.Android", "Neuralchat.Android\Neuralchat.Android.csproj", "{BD3FB765-EE7B-43E2-B299-3B00A19F6F04}"
EndProject
Project("{FAE04EC0-301F-11D3-BF4B-00C04F79EFBC}") = "Neuralchat.iOS", "Neuralchat.iOS\Neuralchat.iOS.csproj", "{1684DBB9-7AA1-4F9E-9048-DE58319D79F3}"
EndProject
Project("{FAE04EC0-301F-11D3-BF4B-00C04F79EFBC}") = "Neuralchat", "Neuralchat\Neuralchat.csproj", "{15783C0F-5F1C-46BC-90DE-8FE3184F1839}"
EndProject
Global
	GlobalSection(SolutionConfigurationPlatforms) = preSolution
		Debug|Any CPU = Debug|Any CPU
		Release|Any CPU = Release|Any CPU
		Debug|iPhoneSimulator = Debug|iPhoneSimulator
		Release|iPhoneSimulator = Release|iPhoneSimulator
		Debug|iPhone = Debug|iPhone
		Release|iPhone = Release|iPhone
		Ad-Hoc|iPhone = Ad-Hoc|iPhone
		AppStore|iPhone = AppStore|iPhone
	EndGlobalSection
	GlobalSection(ProjectConfigurationPlatforms) = postSolution
		{BD3FB765-EE7B-43E2-B299-3B00A19F6F04}.Debug|Any CPU.ActiveCfg = Debug|Any CPU
		{BD3FB765-EE7B-43E2-B299-3B00A19F6F04}.Debug|Any CPU.Build.0 = Debug|Any CPU
		{BD3FB765-EE7B-43E2-B299-3B00A19F6F04}.Release|Any CPU.ActiveCfg = Release|Any CPU
		{BD3FB765-EE7B-43E2-B299-3B00A19F6F04}.Release|Any CPU.Build.0 = Release|Any CPU
		{BD3FB765-EE7B-43E2-B299-3B00A19F6F04}.Debug|iPhoneSimulator.ActiveCfg = Debug|Any CPU
		{BD3FB765-EE7B-43E2-B299-3B00A19F6F04}.Debug|iPhoneSimulator.Build.0 = Debug|Any CPU
		{BD3FB765-EE7B-43E2-B299-3B00A19F6F04}.Release|iPhoneSimulator.ActiveCfg = Release|Any CPU
		{BD3FB765-EE7B-43E2-B299-3B00A19F6F04}.Release|iPhoneSimulator.Build.0 = Release|Any CPU
		{BD3FB765-EE7B-43E2-B299-3B00A19F6F04}.Debug|iPhone.ActiveCfg = Debug|Any CPU
		{BD3FB765-EE7B-43E2-B299-3B00A19F6F04}.Debug|iPhone.Build.0 = Debug|Any CPU
		{BD3FB765-EE7B-43E2-B299-3B00A19F6F04}.Release|iPhone.ActiveCfg = Release|Any CPU
		{BD3FB765-EE7B-43E2-B299-3B00A19F6F04}.Release|iPhone.Build.0 = Release|Any CPU
		{BD3FB765-EE7B-43E2-B299-3B00A19F6F04}.Ad-Hoc|iPhone.ActiveCfg = Debug|Any CPU
		{BD3FB765-EE7B-43E2-B299-3B00A19F6F04}.Ad-Hoc|iPhone.Build.0 = Debug|Any CPU
		{BD3FB765-EE7B-43E2-B299-3B00A19F6F04}.AppStore|iPhone.ActiveCfg = Debug|Any CPU
		{BD3FB765-EE7B-43E2-B299-3B00A19F6F04}.AppStore|iPhone.Build.0 = Debug|Any CPU
		{1684DBB9-7AA1-4F9E-9048-DE58319D79F3}.Debug|Any CPU.ActiveCfg = Debug|iPhoneSimulator
		{1684DBB9-7AA1-4F9E-9048-DE58319D79F3}.Debug|Any CPU.Build.0 = Debug|iPhoneSimulator
		{1684DBB9-7AA1-4F9E-9048-DE58319D79F3}.Release|Any CPU.ActiveCfg = Release|iPhoneSimulator
		{1684DBB9-7AA1-4F9E-9048-DE58319D79F3}.Release|Any CPU.Build.0 = Release|iPhoneSimulator
		{1684DBB9-7AA1-4F9E-9048-DE58319D79F3}.Debug|iPhoneSimulator.ActiveCfg = Debug|iPhoneSimulator
		{1684DBB9-7AA1-4F9E-9048-DE58319D79F3}.Debug|iPhoneSimulator.Build.0 = Debug|iPhoneSimulator
		{1684DBB9-7AA1-4F9E-9048-DE58319D79F3}.Release|iPhoneSimulator.ActiveCfg = Release|iPhoneSimulator
		{1684DBB9-7AA1-4F9E-9048-DE58319D79F3}.Release|iPhoneSimulator.Build.0 = Release|iPhoneSimulator
		{1684DBB9-7AA1-4F9E-9048-DE58319D79F3}.Debug|iPhone.ActiveCfg = Debug|iPhone
		{1684DBB9-7AA1-4F9E-9048-DE58319D79F3}.Debug|iPhone.Build.0 = Debug|iPhone
		{1684DBB9-7AA1-4F9E-9048-DE58319D79F3}.Release|iPhone.ActiveCfg = Release|iPhone
		{1684DBB9-7AA1-4F9E-9048-DE58319D79F3}.Release|iPhone.Build.0 = Release|iPhone
		{1684DBB9-7AA1-4F9E-9048-DE58319D79F3}.Ad-Hoc|iPhone.ActiveCfg = Ad-Hoc|iPhone
		{1684DBB9-7AA1-4F9E-9048-DE58319D79F3}.Ad-Hoc|iPhone.Build.0 = Ad-Hoc|iPhone
		{1684DBB9-7AA1-4F9E-9048-DE58319D79F3}.AppStore|iPhone.ActiveCfg = AppStore|iPhone
		{1684DBB9-7AA1-4F9E-9048-DE58319D79F3}.AppStore|iPhone.Build.0 = AppStore|iPhone
		{15783C0F-5F1C-46BC-90DE-8FE3184F1839}.Debug|Any CPU.ActiveCfg = Debug|Any CPU
		{15783C0F-5F1C-46BC-90DE-8FE3184F1839}.Debug|Any CPU.Build.0 = Debug|Any CPU
		{15783C0F-5F1C-46BC-90DE-8FE3184F1839}.Release|Any CPU.ActiveCfg = Release|Any CPU
		{15783C0F-5F1C-46BC-90DE-8FE3184F1839}.Release|Any CPU.Build.0 = Release|Any CPU
		{15783C0F-5F1C-46BC-90DE-8FE3184F1839}.Debug|iPhoneSimulator.ActiveCfg = Debug|Any CPU
		{15783C0F-5F1C-46BC-90DE-8FE3184F1839}.Debug|iPhoneSimulator.Build.0 = Debug|Any CPU
		{15783C0F-5F1C-46BC-90DE-8FE3184F1839}.Release|iPhoneSimulator.ActiveCfg = Release|Any CPU
		{15783C0F-5F1C-46BC-90DE-8FE3184F1839}.Release|iPhoneSimulator.Build.0 = Release|Any CPU
		{15783C0F-5F1C-46BC-90DE-8FE3184F1839}.Debug|iPhone.ActiveCfg = Debug|Any CPU
		{15783C0F-5F1C-46BC-90DE-8FE3184F1839}.Debug|iPhone.Build.0 = Debug|Any CPU
		{15783C0F-5F1C-46BC-90DE-8FE3184F1839}.Release|iPhone.ActiveCfg = Release|Any CPU
		{15783C0F-5F1C-46BC-90DE-8FE3184F1839}.Release|iPhone.Build.0 = Release|Any CPU
		{15783C0F-5F1C-46BC-90DE-8FE3184F1839}.Ad-Hoc|iPhone.ActiveCfg = Debug|Any CPU
		{15783C0F-5F1C-46BC-90DE-8FE3184F1839}.Ad-Hoc|iPhone.Build.0 = Debug|Any CPU
		{15783C0F-5F1C-46BC-90DE-8FE3184F1839}.AppStore|iPhone.ActiveCfg = Debug|Any CPU
		{15783C0F-5F1C-46BC-90DE-8FE3184F1839}.AppStore|iPhone.Build.0 = Debug|Any CPU
	EndGlobalSection
EndGlobal
